// !$*UTF8*$!
{
	archiveVersion = 1;
	classes = {
	};
	objectVersion = 56;
	objects = {

/* Begin PBXBuildFile section */
		C6D34E9629D950B300F769DB /* UIColor+Extension.swift in Sources */ = {isa = PBXBuildFile; fileRef = C6D34E9529D950B300F769DB /* UIColor+Extension.swift */; };
		C6D34E9829D950FB00F769DB /* Resources.swift in Sources */ = {isa = PBXBuildFile; fileRef = C6D34E9729D950FB00F769DB /* Resources.swift */; };
		C6D34E9C29D9706400F769DB /* TimerButton.swift in Sources */ = {isa = PBXBuildFile; fileRef = C6D34E9B29D9706400F769DB /* TimerButton.swift */; };
		C6D34E9E29D971AE00F769DB /* UIStackView+Extension.swift in Sources */ = {isa = PBXBuildFile; fileRef = C6D34E9D29D971AE00F769DB /* UIStackView+Extension.swift */; };
		C6D34EA429D98F2200F769DB /* TimerService.swift in Sources */ = {isa = PBXBuildFile; fileRef = C6D34EA329D98F2200F769DB /* TimerService.swift */; };
		C6E4A1E429D94ED500E7F772 /* AppDelegate.swift in Sources */ = {isa = PBXBuildFile; fileRef = C6E4A1E329D94ED500E7F772 /* AppDelegate.swift */; };
		C6E4A1E629D94ED500E7F772 /* SceneDelegate.swift in Sources */ = {isa = PBXBuildFile; fileRef = C6E4A1E529D94ED500E7F772 /* SceneDelegate.swift */; };
		C6E4A1E829D94ED500E7F772 /* MainScreenViewController.swift in Sources */ = {isa = PBXBuildFile; fileRef = C6E4A1E729D94ED500E7F772 /* MainScreenViewController.swift */; };
		C6E4A1ED29D94ED600E7F772 /* Assets.xcassets in Resources */ = {isa = PBXBuildFile; fileRef = C6E4A1EC29D94ED600E7F772 /* Assets.xcassets */; };
		C6E4A1F029D94ED600E7F772 /* LaunchScreen.storyboard in Resources */ = {isa = PBXBuildFile; fileRef = C6E4A1EE29D94ED600E7F772 /* LaunchScreen.storyboard */; };
		C6E4A1FB29D94ED700E7F772 /* Neobis_iOS_StopWatchTests.swift in Sources */ = {isa = PBXBuildFile; fileRef = C6E4A1FA29D94ED700E7F772 /* Neobis_iOS_StopWatchTests.swift */; };
		C6E4A20529D94ED700E7F772 /* Neobis_iOS_StopWatchUITests.swift in Sources */ = {isa = PBXBuildFile; fileRef = C6E4A20429D94ED700E7F772 /* Neobis_iOS_StopWatchUITests.swift */; };
		C6E4A20729D94ED700E7F772 /* Neobis_iOS_StopWatchUITestsLaunchTests.swift in Sources */ = {isa = PBXBuildFile; fileRef = C6E4A20629D94ED700E7F772 /* Neobis_iOS_StopWatchUITestsLaunchTests.swift */; };
/* End PBXBuildFile section */

/* Begin PBXContainerItemProxy section */
		C6E4A1F729D94ED700E7F772 /* PBXContainerItemProxy */ = {
			isa = PBXContainerItemProxy;
			containerPortal = C6E4A1D829D94ED500E7F772 /* Project object */;
			proxyType = 1;
			remoteGlobalIDString = C6E4A1DF29D94ED500E7F772;
			remoteInfo = Neobis_iOS_StopWatch;
		};
		C6E4A20129D94ED700E7F772 /* PBXContainerItemProxy */ = {
			isa = PBXContainerItemProxy;
			containerPortal = C6E4A1D829D94ED500E7F772 /* Project object */;
			proxyType = 1;
			remoteGlobalIDString = C6E4A1DF29D94ED500E7F772;
			remoteInfo = Neobis_iOS_StopWatch;
		};
/* End PBXContainerItemProxy section */

/* Begin PBXFileReference section */
		C6D34E9529D950B300F769DB /* UIColor+Extension.swift */ = {isa = PBXFileReference; lastKnownFileType = sourcecode.swift; path = "UIColor+Extension.swift"; sourceTree = "<group>"; };
		C6D34E9729D950FB00F769DB /* Resources.swift */ = {isa = PBXFileReference; lastKnownFileType = sourcecode.swift; path = Resources.swift; sourceTree = "<group>"; };
		C6D34E9B29D9706400F769DB /* TimerButton.swift */ = {isa = PBXFileReference; lastKnownFileType = sourcecode.swift; path = TimerButton.swift; sourceTree = "<group>"; };
		C6D34E9D29D971AE00F769DB /* UIStackView+Extension.swift */ = {isa = PBXFileReference; lastKnownFileType = sourcecode.swift; path = "UIStackView+Extension.swift"; sourceTree = "<group>"; };
		C6D34EA329D98F2200F769DB /* TimerService.swift */ = {isa = PBXFileReference; lastKnownFileType = sourcecode.swift; path = TimerService.swift; sourceTree = "<group>"; };
		C6E4A1E029D94ED500E7F772 /* Neobis_iOS_StopWatch.app */ = {isa = PBXFileReference; explicitFileType = wrapper.application; includeInIndex = 0; path = Neobis_iOS_StopWatch.app; sourceTree = BUILT_PRODUCTS_DIR; };
		C6E4A1E329D94ED500E7F772 /* AppDelegate.swift */ = {isa = PBXFileReference; lastKnownFileType = sourcecode.swift; path = AppDelegate.swift; sourceTree = "<group>"; };
		C6E4A1E529D94ED500E7F772 /* SceneDelegate.swift */ = {isa = PBXFileReference; lastKnownFileType = sourcecode.swift; path = SceneDelegate.swift; sourceTree = "<group>"; };
		C6E4A1E729D94ED500E7F772 /* MainScreenViewController.swift */ = {isa = PBXFileReference; lastKnownFileType = sourcecode.swift; path = MainScreenViewController.swift; sourceTree = "<group>"; };
		C6E4A1EC29D94ED600E7F772 /* Assets.xcassets */ = {isa = PBXFileReference; lastKnownFileType = folder.assetcatalog; path = Assets.xcassets; sourceTree = "<group>"; };
		C6E4A1EF29D94ED600E7F772 /* Base */ = {isa = PBXFileReference; lastKnownFileType = file.storyboard; name = Base; path = Base.lproj/LaunchScreen.storyboard; sourceTree = "<group>"; };
		C6E4A1F129D94ED600E7F772 /* Info.plist */ = {isa = PBXFileReference; lastKnownFileType = text.plist.xml; path = Info.plist; sourceTree = "<group>"; };
		C6E4A1F629D94ED700E7F772 /* Neobis_iOS_StopWatchTests.xctest */ = {isa = PBXFileReference; explicitFileType = wrapper.cfbundle; includeInIndex = 0; path = Neobis_iOS_StopWatchTests.xctest; sourceTree = BUILT_PRODUCTS_DIR; };
		C6E4A1FA29D94ED700E7F772 /* Neobis_iOS_StopWatchTests.swift */ = {isa = PBXFileReference; lastKnownFileType = sourcecode.swift; path = Neobis_iOS_StopWatchTests.swift; sourceTree = "<group>"; };
		C6E4A20029D94ED700E7F772 /* Neobis_iOS_StopWatchUITests.xctest */ = {isa = PBXFileReference; explicitFileType = wrapper.cfbundle; includeInIndex = 0; path = Neobis_iOS_StopWatchUITests.xctest; sourceTree = BUILT_PRODUCTS_DIR; };
		C6E4A20429D94ED700E7F772 /* Neobis_iOS_StopWatchUITests.swift */ = {isa = PBXFileReference; lastKnownFileType = sourcecode.swift; path = Neobis_iOS_StopWatchUITests.swift; sourceTree = "<group>"; };
		C6E4A20629D94ED700E7F772 /* Neobis_iOS_StopWatchUITestsLaunchTests.swift */ = {isa = PBXFileReference; lastKnownFileType = sourcecode.swift; path = Neobis_iOS_StopWatchUITestsLaunchTests.swift; sourceTree = "<group>"; };
/* End PBXFileReference section */

/* Begin PBXFrameworksBuildPhase section */
		C6E4A1DD29D94ED500E7F772 /* Frameworks */ = {
			isa = PBXFrameworksBuildPhase;
			buildActionMask = 2147483647;
			files = (
			);
			runOnlyForDeploymentPostprocessing = 0;
		};
		C6E4A1F329D94ED700E7F772 /* Frameworks */ = {
			isa = PBXFrameworksBuildPhase;
			buildActionMask = 2147483647;
			files = (
			);
			runOnlyForDeploymentPostprocessing = 0;
		};
		C6E4A1FD29D94ED700E7F772 /* Frameworks */ = {
			isa = PBXFrameworksBuildPhase;
			buildActionMask = 2147483647;
			files = (
			);
			runOnlyForDeploymentPostprocessing = 0;
		};
/* End PBXFrameworksBuildPhase section */

/* Begin PBXGroup section */
		C6D34E9229D9509500F769DB /* UI */ = {
			isa = PBXGroup;
			children = (
				C6D34E9A29D9704E00F769DB /* CuctomElements */,
				C6D34E9329D9509600F769DB /* Screens */,
			);
			path = UI;
			sourceTree = "<group>";
		};
		C6D34E9329D9509600F769DB /* Screens */ = {
			isa = PBXGroup;
			children = (
				C6E4A1E729D94ED500E7F772 /* MainScreenViewController.swift */,
			);
			path = Screens;
			sourceTree = "<group>";
		};
		C6D34E9429D950A700F769DB /* Extensions */ = {
			isa = PBXGroup;
			children = (
				C6D34E9529D950B300F769DB /* UIColor+Extension.swift */,
				C6D34E9D29D971AE00F769DB /* UIStackView+Extension.swift */,
			);
			path = Extensions;
			sourceTree = "<group>";
		};
		C6D34E9929D951FA00F769DB /* Helpers */ = {
			isa = PBXGroup;
			children = (
				C6D34E9729D950FB00F769DB /* Resources.swift */,
				C6D34E9429D950A700F769DB /* Extensions */,
			);
			path = Helpers;
			sourceTree = "<group>";
		};
		C6D34E9A29D9704E00F769DB /* CuctomElements */ = {
			isa = PBXGroup;
			children = (
				C6D34E9B29D9706400F769DB /* TimerButton.swift */,
			);
			path = CuctomElements;
			sourceTree = "<group>";
		};
		C6D34E9F29D97E6500F769DB /* Data */ = {
			isa = PBXGroup;
			children = (
				C6D34EA029D97E6F00F769DB /* Services */,
			);
			path = Data;
			sourceTree = "<group>";
		};
		C6D34EA029D97E6F00F769DB /* Services */ = {
			isa = PBXGroup;
			children = (
				C6D34EA329D98F2200F769DB /* TimerService.swift */,
			);
			path = Services;
			sourceTree = "<group>";
		};
		C6E4A1D729D94ED500E7F772 = {
			isa = PBXGroup;
			children = (
				C6E4A1E229D94ED500E7F772 /* Neobis_iOS_StopWatch */,
				C6E4A1F929D94ED700E7F772 /* Neobis_iOS_StopWatchTests */,
				C6E4A20329D94ED700E7F772 /* Neobis_iOS_StopWatchUITests */,
				C6E4A1E129D94ED500E7F772 /* Products */,
			);
			sourceTree = "<group>";
		};
		C6E4A1E129D94ED500E7F772 /* Products */ = {
			isa = PBXGroup;
			children = (
				C6E4A1E029D94ED500E7F772 /* Neobis_iOS_StopWatch.app */,
				C6E4A1F629D94ED700E7F772 /* Neobis_iOS_StopWatchTests.xctest */,
				C6E4A20029D94ED700E7F772 /* Neobis_iOS_StopWatchUITests.xctest */,
			);
			name = Products;
			sourceTree = "<group>";
		};
		C6E4A1E229D94ED500E7F772 /* Neobis_iOS_StopWatch */ = {
			isa = PBXGroup;
			children = (
				C6E4A21329D94EDD00E7F772 /* Application */,
				C6D34E9929D951FA00F769DB /* Helpers */,
				C6E4A21529D94EE800E7F772 /* Core */,
				C6E4A21429D94EE400E7F772 /* SupportingFiles */,
			);
			path = Neobis_iOS_StopWatch;
			sourceTree = "<group>";
		};
		C6E4A1F929D94ED700E7F772 /* Neobis_iOS_StopWatchTests */ = {
			isa = PBXGroup;
			children = (
				C6E4A1FA29D94ED700E7F772 /* Neobis_iOS_StopWatchTests.swift */,
			);
			path = Neobis_iOS_StopWatchTests;
			sourceTree = "<group>";
		};
		C6E4A20329D94ED700E7F772 /* Neobis_iOS_StopWatchUITests */ = {
			isa = PBXGroup;
			children = (
				C6E4A20429D94ED700E7F772 /* Neobis_iOS_StopWatchUITests.swift */,
				C6E4A20629D94ED700E7F772 /* Neobis_iOS_StopWatchUITestsLaunchTests.swift */,
			);
			path = Neobis_iOS_StopWatchUITests;
			sourceTree = "<group>";
		};
		C6E4A21329D94EDD00E7F772 /* Application */ = {
			isa = PBXGroup;
			children = (
				C6E4A1E329D94ED500E7F772 /* AppDelegate.swift */,
				C6E4A1E529D94ED500E7F772 /* SceneDelegate.swift */,
			);
			path = Application;
			sourceTree = "<group>";
		};
		C6E4A21429D94EE400E7F772 /* SupportingFiles */ = {
			isa = PBXGroup;
			children = (
				C6E4A1EC29D94ED600E7F772 /* Assets.xcassets */,
				C6E4A1EE29D94ED600E7F772 /* LaunchScreen.storyboard */,
				C6E4A1F129D94ED600E7F772 /* Info.plist */,
			);
			path = SupportingFiles;
			sourceTree = "<group>";
		};
		C6E4A21529D94EE800E7F772 /* Core */ = {
			isa = PBXGroup;
			children = (
				C6D34E9F29D97E6500F769DB /* Data */,
				C6D34E9229D9509500F769DB /* UI */,
			);
			path = Core;
			sourceTree = "<group>";
		};
/* End PBXGroup section */

/* Begin PBXNativeTarget section */
		C6E4A1DF29D94ED500E7F772 /* Neobis_iOS_StopWatch */ = {
			isa = PBXNativeTarget;
			buildConfigurationList = C6E4A20A29D94ED700E7F772 /* Build configuration list for PBXNativeTarget "Neobis_iOS_StopWatch" */;
			buildPhases = (
				C6E4A1DC29D94ED500E7F772 /* Sources */,
				C6E4A1DD29D94ED500E7F772 /* Frameworks */,
				C6E4A1DE29D94ED500E7F772 /* Resources */,
			);
			buildRules = (
			);
			dependencies = (
			);
			name = Neobis_iOS_StopWatch;
			productName = Neobis_iOS_StopWatch;
			productReference = C6E4A1E029D94ED500E7F772 /* Neobis_iOS_StopWatch.app */;
			productType = "com.apple.product-type.application";
		};
		C6E4A1F529D94ED700E7F772 /* Neobis_iOS_StopWatchTests */ = {
			isa = PBXNativeTarget;
			buildConfigurationList = C6E4A20D29D94ED700E7F772 /* Build configuration list for PBXNativeTarget "Neobis_iOS_StopWatchTests" */;
			buildPhases = (
				C6E4A1F229D94ED700E7F772 /* Sources */,
				C6E4A1F329D94ED700E7F772 /* Frameworks */,
				C6E4A1F429D94ED700E7F772 /* Resources */,
			);
			buildRules = (
			);
			dependencies = (
				C6E4A1F829D94ED700E7F772 /* PBXTargetDependency */,
			);
			name = Neobis_iOS_StopWatchTests;
			productName = Neobis_iOS_StopWatchTests;
			productReference = C6E4A1F629D94ED700E7F772 /* Neobis_iOS_StopWatchTests.xctest */;
			productType = "com.apple.product-type.bundle.unit-test";
		};
		C6E4A1FF29D94ED700E7F772 /* Neobis_iOS_StopWatchUITests */ = {
			isa = PBXNativeTarget;
			buildConfigurationList = C6E4A21029D94ED700E7F772 /* Build configuration list for PBXNativeTarget "Neobis_iOS_StopWatchUITests" */;
			buildPhases = (
				C6E4A1FC29D94ED700E7F772 /* Sources */,
				C6E4A1FD29D94ED700E7F772 /* Frameworks */,
				C6E4A1FE29D94ED700E7F772 /* Resources */,
			);
			buildRules = (
			);
			dependencies = (
				C6E4A20229D94ED700E7F772 /* PBXTargetDependency */,
			);
			name = Neobis_iOS_StopWatchUITests;
			productName = Neobis_iOS_StopWatchUITests;
			productReference = C6E4A20029D94ED700E7F772 /* Neobis_iOS_StopWatchUITests.xctest */;
			productType = "com.apple.product-type.bundle.ui-testing";
		};
/* End PBXNativeTarget section */

/* Begin PBXProject section */
		C6E4A1D829D94ED500E7F772 /* Project object */ = {
			isa = PBXProject;
			attributes = {
				BuildIndependentTargetsInParallel = 1;
				LastSwiftUpdateCheck = 1410;
				LastUpgradeCheck = 1410;
				TargetAttributes = {
					C6E4A1DF29D94ED500E7F772 = {
						CreatedOnToolsVersion = 14.1;
					};
					C6E4A1F529D94ED700E7F772 = {
						CreatedOnToolsVersion = 14.1;
						TestTargetID = C6E4A1DF29D94ED500E7F772;
					};
					C6E4A1FF29D94ED700E7F772 = {
						CreatedOnToolsVersion = 14.1;
						TestTargetID = C6E4A1DF29D94ED500E7F772;
					};
				};
			};
			buildConfigurationList = C6E4A1DB29D94ED500E7F772 /* Build configuration list for PBXProject "Neobis_iOS_StopWatch" */;
			compatibilityVersion = "Xcode 14.0";
			developmentRegion = en;
			hasScannedForEncodings = 0;
			knownRegions = (
				en,
				Base,
			);
			mainGroup = C6E4A1D729D94ED500E7F772;
			productRefGroup = C6E4A1E129D94ED500E7F772 /* Products */;
			projectDirPath = "";
			projectRoot = "";
			targets = (
				C6E4A1DF29D94ED500E7F772 /* Neobis_iOS_StopWatch */,
				C6E4A1F529D94ED700E7F772 /* Neobis_iOS_StopWatchTests */,
				C6E4A1FF29D94ED700E7F772 /* Neobis_iOS_StopWatchUITests */,
			);
		};
/* End PBXProject section */

/* Begin PBXResourcesBuildPhase section */
		C6E4A1DE29D94ED500E7F772 /* Resources */ = {
			isa = PBXResourcesBuildPhase;
			buildActionMask = 2147483647;
			files = (
				C6E4A1F029D94ED600E7F772 /* LaunchScreen.storyboard in Resources */,
				C6E4A1ED29D94ED600E7F772 /* Assets.xcassets in Resources */,
			);
			runOnlyForDeploymentPostprocessing = 0;
		};
		C6E4A1F429D94ED700E7F772 /* Resources */ = {
			isa = PBXResourcesBuildPhase;
			buildActionMask = 2147483647;
			files = (
			);
			runOnlyForDeploymentPostprocessing = 0;
		};
		C6E4A1FE29D94ED700E7F772 /* Resources */ = {
			isa = PBXResourcesBuildPhase;
			buildActionMask = 2147483647;
			files = (
			);
			runOnlyForDeploymentPostprocessing = 0;
		};
/* End PBXResourcesBuildPhase section */

/* Begin PBXSourcesBuildPhase section */
		C6E4A1DC29D94ED500E7F772 /* Sources */ = {
			isa = PBXSourcesBuildPhase;
			buildActionMask = 2147483647;
			files = (
				C6E4A1E829D94ED500E7F772 /* MainScreenViewController.swift in Sources */,
				C6D34E9E29D971AE00F769DB /* UIStackView+Extension.swift in Sources */,
				C6E4A1E429D94ED500E7F772 /* AppDelegate.swift in Sources */,
				C6E4A1E629D94ED500E7F772 /* SceneDelegate.swift in Sources */,
				C6D34E9C29D9706400F769DB /* TimerButton.swift in Sources */,
				C6D34E9829D950FB00F769DB /* Resources.swift in Sources */,
				C6D34E9629D950B300F769DB /* UIColor+Extension.swift in Sources */,
				C6D34EA429D98F2200F769DB /* TimerService.swift in Sources */,
			);
			runOnlyForDeploymentPostprocessing = 0;
		};
		C6E4A1F229D94ED700E7F772 /* Sources */ = {
			isa = PBXSourcesBuildPhase;
			buildActionMask = 2147483647;
			files = (
				C6E4A1FB29D94ED700E7F772 /* Neobis_iOS_StopWatchTests.swift in Sources */,
			);
			runOnlyForDeploymentPostprocessing = 0;
		};
		C6E4A1FC29D94ED700E7F772 /* Sources */ = {
			isa = PBXSourcesBuildPhase;
			buildActionMask = 2147483647;
			files = (
				C6E4A20729D94ED700E7F772 /* Neobis_iOS_StopWatchUITestsLaunchTests.swift in Sources */,
				C6E4A20529D94ED700E7F772 /* Neobis_iOS_StopWatchUITests.swift in Sources */,
			);
			runOnlyForDeploymentPostprocessing = 0;
		};
/* End PBXSourcesBuildPhase section */

/* Begin PBXTargetDependency section */
		C6E4A1F829D94ED700E7F772 /* PBXTargetDependency */ = {
			isa = PBXTargetDependency;
			target = C6E4A1DF29D94ED500E7F772 /* Neobis_iOS_StopWatch */;
			targetProxy = C6E4A1F729D94ED700E7F772 /* PBXContainerItemProxy */;
		};
		C6E4A20229D94ED700E7F772 /* PBXTargetDependency */ = {
			isa = PBXTargetDependency;
			target = C6E4A1DF29D94ED500E7F772 /* Neobis_iOS_StopWatch */;
			targetProxy = C6E4A20129D94ED700E7F772 /* PBXContainerItemProxy */;
		};
/* End PBXTargetDependency section */

/* Begin PBXVariantGroup section */
		C6E4A1EE29D94ED600E7F772 /* LaunchScreen.storyboard */ = {
			isa = PBXVariantGroup;
			children = (
				C6E4A1EF29D94ED600E7F772 /* Base */,
			);
			name = LaunchScreen.storyboard;
			sourceTree = "<group>";
		};
/* End PBXVariantGroup section */

/* Begin XCBuildConfiguration section */
		C6E4A20829D94ED700E7F772 /* Debug */ = {
			isa = XCBuildConfiguration;
			buildSettings = {
				ALWAYS_SEARCH_USER_PATHS = NO;
				CLANG_ANALYZER_NONNULL = YES;
				CLANG_ANALYZER_NUMBER_OBJECT_CONVERSION = YES_AGGRESSIVE;
				CLANG_CXX_LANGUAGE_STANDARD = "gnu++20";
				CLANG_ENABLE_MODULES = YES;
				CLANG_ENABLE_OBJC_ARC = YES;
				CLANG_ENABLE_OBJC_WEAK = YES;
				CLANG_WARN_BLOCK_CAPTURE_AUTORELEASING = YES;
				CLANG_WARN_BOOL_CONVERSION = YES;
				CLANG_WARN_COMMA = YES;
				CLANG_WARN_CONSTANT_CONVERSION = YES;
				CLANG_WARN_DEPRECATED_OBJC_IMPLEMENTATIONS = YES;
				CLANG_WARN_DIRECT_OBJC_ISA_USAGE = YES_ERROR;
				CLANG_WARN_DOCUMENTATION_COMMENTS = YES;
				CLANG_WARN_EMPTY_BODY = YES;
				CLANG_WARN_ENUM_CONVERSION = YES;
				CLANG_WARN_INFINITE_RECURSION = YES;
				CLANG_WARN_INT_CONVERSION = YES;
				CLANG_WARN_NON_LITERAL_NULL_CONVERSION = YES;
				CLANG_WARN_OBJC_IMPLICIT_RETAIN_SELF = YES;
				CLANG_WARN_OBJC_LITERAL_CONVERSION = YES;
				CLANG_WARN_OBJC_ROOT_CLASS = YES_ERROR;
				CLANG_WARN_QUOTED_INCLUDE_IN_FRAMEWORK_HEADER = YES;
				CLANG_WARN_RANGE_LOOP_ANALYSIS = YES;
				CLANG_WARN_STRICT_PROTOTYPES = YES;
				CLANG_WARN_SUSPICIOUS_MOVE = YES;
				CLANG_WARN_UNGUARDED_AVAILABILITY = YES_AGGRESSIVE;
				CLANG_WARN_UNREACHABLE_CODE = YES;
				CLANG_WARN__DUPLICATE_METHOD_MATCH = YES;
				COPY_PHASE_STRIP = NO;
				DEBUG_INFORMATION_FORMAT = dwarf;
				ENABLE_STRICT_OBJC_MSGSEND = YES;
				ENABLE_TESTABILITY = YES;
				GCC_C_LANGUAGE_STANDARD = gnu11;
				GCC_DYNAMIC_NO_PIC = NO;
				GCC_NO_COMMON_BLOCKS = YES;
				GCC_OPTIMIZATION_LEVEL = 0;
				GCC_PREPROCESSOR_DEFINITIONS = (
					"DEBUG=1",
					"$(inherited)",
				);
				GCC_WARN_64_TO_32_BIT_CONVERSION = YES;
				GCC_WARN_ABOUT_RETURN_TYPE = YES_ERROR;
				GCC_WARN_UNDECLARED_SELECTOR = YES;
				GCC_WARN_UNINITIALIZED_AUTOS = YES_AGGRESSIVE;
				GCC_WARN_UNUSED_FUNCTION = YES;
				GCC_WARN_UNUSED_VARIABLE = YES;
				IPHONEOS_DEPLOYMENT_TARGET = 16.1;
				MTL_ENABLE_DEBUG_INFO = INCLUDE_SOURCE;
				MTL_FAST_MATH = YES;
				ONLY_ACTIVE_ARCH = YES;
				SDKROOT = iphoneos;
				SWIFT_ACTIVE_COMPILATION_CONDITIONS = DEBUG;
				SWIFT_OPTIMIZATION_LEVEL = "-Onone";
			};
			name = Debug;
		};
		C6E4A20929D94ED700E7F772 /* Release */ = {
			isa = XCBuildConfiguration;
			buildSettings = {
				ALWAYS_SEARCH_USER_PATHS = NO;
				CLANG_ANALYZER_NONNULL = YES;
				CLANG_ANALYZER_NUMBER_OBJECT_CONVERSION = YES_AGGRESSIVE;
				CLANG_CXX_LANGUAGE_STANDARD = "gnu++20";
				CLANG_ENABLE_MODULES = YES;
				CLANG_ENABLE_OBJC_ARC = YES;
				CLANG_ENABLE_OBJC_WEAK = YES;
				CLANG_WARN_BLOCK_CAPTURE_AUTORELEASING = YES;
				CLANG_WARN_BOOL_CONVERSION = YES;
				CLANG_WARN_COMMA = YES;
				CLANG_WARN_CONSTANT_CONVERSION = YES;
				CLANG_WARN_DEPRECATED_OBJC_IMPLEMENTATIONS = YES;
				CLANG_WARN_DIRECT_OBJC_ISA_USAGE = YES_ERROR;
				CLANG_WARN_DOCUMENTATION_COMMENTS = YES;
				CLANG_WARN_EMPTY_BODY = YES;
				CLANG_WARN_ENUM_CONVERSION = YES;
				CLANG_WARN_INFINITE_RECURSION = YES;
				CLANG_WARN_INT_CONVERSION = YES;
				CLANG_WARN_NON_LITERAL_NULL_CONVERSION = YES;
				CLANG_WARN_OBJC_IMPLICIT_RETAIN_SELF = YES;
				CLANG_WARN_OBJC_LITERAL_CONVERSION = YES;
				CLANG_WARN_OBJC_ROOT_CLASS = YES_ERROR;
				CLANG_WARN_QUOTED_INCLUDE_IN_FRAMEWORK_HEADER = YES;
				CLANG_WARN_RANGE_LOOP_ANALYSIS = YES;
				CLANG_WARN_STRICT_PROTOTYPES = YES;
				CLANG_WARN_SUSPICIOUS_MOVE = YES;
				CLANG_WARN_UNGUARDED_AVAILABILITY = YES_AGGRESSIVE;
				CLANG_WARN_UNREACHABLE_CODE = YES;
				CLANG_WARN__DUPLICATE_METHOD_MATCH = YES;
				COPY_PHASE_STRIP = NO;
				DEBUG_INFORMATION_FORMAT = "dwarf-with-dsym";
				ENABLE_NS_ASSERTIONS = NO;
				ENABLE_STRICT_OBJC_MSGSEND = YES;
				GCC_C_LANGUAGE_STANDARD = gnu11;
				GCC_NO_COMMON_BLOCKS = YES;
				GCC_WARN_64_TO_32_BIT_CONVERSION = YES;
				GCC_WARN_ABOUT_RETURN_TYPE = YES_ERROR;
				GCC_WARN_UNDECLARED_SELECTOR = YES;
				GCC_WARN_UNINITIALIZED_AUTOS = YES_AGGRESSIVE;
				GCC_WARN_UNUSED_FUNCTION = YES;
				GCC_WARN_UNUSED_VARIABLE = YES;
				IPHONEOS_DEPLOYMENT_TARGET = 16.1;
				MTL_ENABLE_DEBUG_INFO = NO;
				MTL_FAST_MATH = YES;
				SDKROOT = iphoneos;
				SWIFT_COMPILATION_MODE = wholemodule;
				SWIFT_OPTIMIZATION_LEVEL = "-O";
				VALIDATE_PRODUCT = YES;
			};
			name = Release;
		};
		C6E4A20B29D94ED700E7F772 /* Debug */ = {
			isa = XCBuildConfiguration;
			buildSettings = {
				ASSETCATALOG_COMPILER_APPICON_NAME = AppIcon;
				ASSETCATALOG_COMPILER_GLOBAL_ACCENT_COLOR_NAME = AccentColor;
				CODE_SIGN_STYLE = Automatic;
				CURRENT_PROJECT_VERSION = 1;
				GENERATE_INFOPLIST_FILE = YES;
				INFOPLIST_FILE = Neobis_iOS_StopWatch/SupportingFiles/Info.plist;
				INFOPLIST_KEY_UIApplicationSupportsIndirectInputEvents = YES;
				INFOPLIST_KEY_UILaunchStoryboardName = LaunchScreen;
				INFOPLIST_KEY_UISupportedInterfaceOrientations = "UIInterfaceOrientationLandscapeLeft UIInterfaceOrientationLandscapeRight UIInterfaceOrientationPortrait";
				INFOPLIST_KEY_UISupportedInterfaceOrientations_iPad = "UIInterfaceOrientationLandscapeLeft UIInterfaceOrientationLandscapeRight UIInterfaceOrientationPortrait UIInterfaceOrientationPortraitUpsideDown";
				LD_RUNPATH_SEARCH_PATHS = (
					"$(inherited)",
					"@executable_path/Frameworks",
				);
				MARKETING_VERSION = 1.0;
				PRODUCT_BUNDLE_IDENTIFIER = "ggg.Neobis-iOS-StopWatch";
				PRODUCT_NAME = "$(TARGET_NAME)";
				SWIFT_EMIT_LOC_STRINGS = YES;
				SWIFT_VERSION = 5.0;
				TARGETED_DEVICE_FAMILY = "1,2";
			};
			name = Debug;
		};
		C6E4A20C29D94ED700E7F772 /* Release */ = {
			isa = XCBuildConfiguration;
			buildSettings = {
				ASSETCATALOG_COMPILER_APPICON_NAME = AppIcon;
				ASSETCATALOG_COMPILER_GLOBAL_ACCENT_COLOR_NAME = AccentColor;
				CODE_SIGN_STYLE = Automatic;
				CURRENT_PROJECT_VERSION = 1;
				GENERATE_INFOPLIST_FILE = YES;
				INFOPLIST_FILE = Neobis_iOS_StopWatch/SupportingFiles/Info.plist;
				INFOPLIST_KEY_UIApplicationSupportsIndirectInputEvents = YES;
				INFOPLIST_KEY_UILaunchStoryboardName = LaunchScreen;
				INFOPLIST_KEY_UISupportedInterfaceOrientations = "UIInterfaceOrientationLandscapeLeft UIInterfaceOrientationLandscapeRight UIInterfaceOrientationPortrait";
				INFOPLIST_KEY_UISupportedInterfaceOrientations_iPad = "UIInterfaceOrientationLandscapeLeft UIInterfaceOrientationLandscapeRight UIInterfaceOrientationPortrait UIInterfaceOrientationPortraitUpsideDown";
				LD_RUNPATH_SEARCH_PATHS = (
					"$(inherited)",
					"@executable_path/Frameworks",
				);
				MARKETING_VERSION = 1.0;
				PRODUCT_BUNDLE_IDENTIFIER = "ggg.Neobis-iOS-StopWatch";
				PRODUCT_NAME = "$(TARGET_NAME)";
				SWIFT_EMIT_LOC_STRINGS = YES;
				SWIFT_VERSION = 5.0;
				TARGETED_DEVICE_FAMILY = "1,2";
			};
			name = Release;
		};
		C6E4A20E29D94ED700E7F772 /* Debug */ = {
			isa = XCBuildConfiguration;
			buildSettings = {
				ALWAYS_EMBED_SWIFT_STANDARD_LIBRARIES = YES;
				BUNDLE_LOADER = "$(TEST_HOST)";
				CODE_SIGN_STYLE = Automatic;
				CURRENT_PROJECT_VERSION = 1;
				GENERATE_INFOPLIST_FILE = YES;
				IPHONEOS_DEPLOYMENT_TARGET = 16.1;
				MARKETING_VERSION = 1.0;
				PRODUCT_BUNDLE_IDENTIFIER = "ggg.Neobis-iOS-StopWatchTests";
				PRODUCT_NAME = "$(TARGET_NAME)";
				SWIFT_EMIT_LOC_STRINGS = NO;
				SWIFT_VERSION = 5.0;
				TARGETED_DEVICE_FAMILY = "1,2";
				TEST_HOST = "$(BUILT_PRODUCTS_DIR)/Neobis_iOS_StopWatch.app/$(BUNDLE_EXECUTABLE_FOLDER_PATH)/Neobis_iOS_StopWatch";
			};
			name = Debug;
		};
		C6E4A20F29D94ED700E7F772 /* Release */ = {
			isa = XCBuildConfiguration;
			buildSettings = {
				ALWAYS_EMBED_SWIFT_STANDARD_LIBRARIES = YES;
				BUNDLE_LOADER = "$(TEST_HOST)";
				CODE_SIGN_STYLE = Automatic;
				CURRENT_PROJECT_VERSION = 1;
				GENERATE_INFOPLIST_FILE = YES;
				IPHONEOS_DEPLOYMENT_TARGET = 16.1;
				MARKETING_VERSION = 1.0;
				PRODUCT_BUNDLE_IDENTIFIER = "ggg.Neobis-iOS-StopWatchTests";
				PRODUCT_NAME = "$(TARGET_NAME)";
				SWIFT_EMIT_LOC_STRINGS = NO;
				SWIFT_VERSION = 5.0;
				TARGETED_DEVICE_FAMILY = "1,2";
				TEST_HOST = "$(BUILT_PRODUCTS_DIR)/Neobis_iOS_StopWatch.app/$(BUNDLE_EXECUTABLE_FOLDER_PATH)/Neobis_iOS_StopWatch";
			};
			name = Release;
		};
		C6E4A21129D94ED700E7F772 /* Debug */ = {
			isa = XCBuildConfiguration;
			buildSettings = {
				ALWAYS_EMBED_SWIFT_STANDARD_LIBRARIES = YES;
				CODE_SIGN_STYLE = Automatic;
				CURRENT_PROJECT_VERSION = 1;
				GENERATE_INFOPLIST_FILE = YES;
				MARKETING_VERSION = 1.0;
				PRODUCT_BUNDLE_IDENTIFIER = "ggg.Neobis-iOS-StopWatchUITests";
				PRODUCT_NAME = "$(TARGET_NAME)";
				SWIFT_EMIT_LOC_STRINGS = NO;
				SWIFT_VERSION = 5.0;
				TARGETED_DEVICE_FAMILY = "1,2";
				TEST_TARGET_NAME = Neobis_iOS_StopWatch;
			};
			name = Debug;
		};
		C6E4A21229D94ED700E7F772 /* Release */ = {
			isa = XCBuildConfiguration;
			buildSettings = {
				ALWAYS_EMBED_SWIFT_STANDARD_LIBRARIES = YES;
				CODE_SIGN_STYLE = Automatic;
				CURRENT_PROJECT_VERSION = 1;
				GENERATE_INFOPLIST_FILE = YES;
				MARKETING_VERSION = 1.0;
				PRODUCT_BUNDLE_IDENTIFIER = "ggg.Neobis-iOS-StopWatchUITests";
				PRODUCT_NAME = "$(TARGET_NAME)";
				SWIFT_EMIT_LOC_STRINGS = NO;
				SWIFT_VERSION = 5.0;
				TARGETED_DEVICE_FAMILY = "1,2";
				TEST_TARGET_NAME = Neobis_iOS_StopWatch;
			};
			name = Release;
		};
/* End XCBuildConfiguration section */

/* Begin XCConfigurationList section */
		C6E4A1DB29D94ED500E7F772 /* Build configuration list for PBXProject "Neobis_iOS_StopWatch" */ = {
			isa = XCConfigurationList;
			buildConfigurations = (
				C6E4A20829D94ED700E7F772 /* Debug */,
				C6E4A20929D94ED700E7F772 /* Release */,
			);
			defaultConfigurationIsVisible = 0;
			defaultConfigurationName = Release;
		};
		C6E4A20A29D94ED700E7F772 /* Build configuration list for PBXNativeTarget "Neobis_iOS_StopWatch" */ = {
			isa = XCConfigurationList;
			buildConfigurations = (
				C6E4A20B29D94ED700E7F772 /* Debug */,
				C6E4A20C29D94ED700E7F772 /* Release */,
			);
			defaultConfigurationIsVisible = 0;
			defaultConfigurationName = Release;
		};
		C6E4A20D29D94ED700E7F772 /* Build configuration list for PBXNativeTarget "Neobis_iOS_StopWatchTests" */ = {
			isa = XCConfigurationList;
			buildConfigurations = (
				C6E4A20E29D94ED700E7F772 /* Debug */,
				C6E4A20F29D94ED700E7F772 /* Release */,
			);
			defaultConfigurationIsVisible = 0;
			defaultConfigurationName = Release;
		};
		C6E4A21029D94ED700E7F772 /* Build configuration list for PBXNativeTarget "Neobis_iOS_StopWatchUITests" */ = {
			isa = XCConfigurationList;
			buildConfigurations = (
				C6E4A21129D94ED700E7F772 /* Debug */,
				C6E4A21229D94ED700E7F772 /* Release */,
			);
			defaultConfigurationIsVisible = 0;
			defaultConfigurationName = Release;
		};
/* End XCConfigurationList section */
	};
	rootObject = C6E4A1D829D94ED500E7F772 /* Project object */;
}
